// !$*UTF8*$!
{
	archiveVersion = 1;
	classes = {
	};
	objectVersion = 50;
	objects = {

/* Begin PBXBuildFile section */
		8E2FDE222279EB2F00ED4D9E /* Favorite.swift in Sources */ = {isa = PBXBuildFile; fileRef = 8E2FDE212279EB2F00ED4D9E /* Favorite.swift */; };
		8E2FDE242279F08D00ED4D9E /* AlertStoryboard.storyboard in Resources */ = {isa = PBXBuildFile; fileRef = 8E2FDE232279F08D00ED4D9E /* AlertStoryboard.storyboard */; };
		8E2FDE262279F10400ED4D9E /* AlertView.swift in Sources */ = {isa = PBXBuildFile; fileRef = 8E2FDE252279F10400ED4D9E /* AlertView.swift */; };
		8E2FDE282279F53300ED4D9E /* AlertService.swift in Sources */ = {isa = PBXBuildFile; fileRef = 8E2FDE272279F53300ED4D9E /* AlertService.swift */; };
		8E4ED3B5226B28DC00B717E9 /* AppDelegate.swift in Sources */ = {isa = PBXBuildFile; fileRef = 8E4ED3B4226B28DC00B717E9 /* AppDelegate.swift */; };
		8E4ED3B7226B28DC00B717E9 /* MainView.swift in Sources */ = {isa = PBXBuildFile; fileRef = 8E4ED3B6226B28DC00B717E9 /* MainView.swift */; };
		8E4ED3BA226B28DC00B717E9 /* Main.storyboard in Resources */ = {isa = PBXBuildFile; fileRef = 8E4ED3B8226B28DC00B717E9 /* Main.storyboard */; };
		8E4ED3BD226B28DC00B717E9 /* Music_Store.xcdatamodeld in Sources */ = {isa = PBXBuildFile; fileRef = 8E4ED3BB226B28DC00B717E9 /* Music_Store.xcdatamodeld */; };
		8E4ED3BF226B28DE00B717E9 /* Assets.xcassets in Resources */ = {isa = PBXBuildFile; fileRef = 8E4ED3BE226B28DE00B717E9 /* Assets.xcassets */; };
		8E4ED3C2226B28DE00B717E9 /* LaunchScreen.storyboard in Resources */ = {isa = PBXBuildFile; fileRef = 8E4ED3C0226B28DE00B717E9 /* LaunchScreen.storyboard */; };
		8E4ED3CB226B75F800B717E9 /* Album.swift in Sources */ = {isa = PBXBuildFile; fileRef = 8E4ED3CA226B75F800B717E9 /* Album.swift */; };
		8E4ED3CF226B795800B717E9 /* MainViewModel.swift in Sources */ = {isa = PBXBuildFile; fileRef = 8E4ED3CE226B795800B717E9 /* MainViewModel.swift */; };
		8E4ED3D1226B799400B717E9 /* ExtensionMainView.swift in Sources */ = {isa = PBXBuildFile; fileRef = 8E4ED3D0226B799400B717E9 /* ExtensionMainView.swift */; };
		8E4ED3D3226B888F00B717E9 /* AlbumsCollectionCell.swift in Sources */ = {isa = PBXBuildFile; fileRef = 8E4ED3D2226B888F00B717E9 /* AlbumsCollectionCell.swift */; };
		8E4ED3D5226B903200B717E9 /* MainViewModelType.swift in Sources */ = {isa = PBXBuildFile; fileRef = 8E4ED3D4226B903200B717E9 /* MainViewModelType.swift */; };
		8E4ED3DA226B928800B717E9 /* CollectionCellViewModelType.swift in Sources */ = {isa = PBXBuildFile; fileRef = 8E4ED3D9226B928800B717E9 /* CollectionCellViewModelType.swift */; };
		8E4ED3DC226B930E00B717E9 /* CollectionCellViewModel.swift in Sources */ = {isa = PBXBuildFile; fileRef = 8E4ED3DB226B930E00B717E9 /* CollectionCellViewModel.swift */; };
		8E816480226C7EBD007E87FE /* DetailView.swift in Sources */ = {isa = PBXBuildFile; fileRef = 8E81647F226C7EBD007E87FE /* DetailView.swift */; };
		8E816482226CAA85007E87FE /* DetailViewModelType.swift in Sources */ = {isa = PBXBuildFile; fileRef = 8E816481226CAA85007E87FE /* DetailViewModelType.swift */; };
		8E816484226CAD30007E87FE /* DetailViewModel.swift in Sources */ = {isa = PBXBuildFile; fileRef = 8E816483226CAD30007E87FE /* DetailViewModel.swift */; };
/* End PBXBuildFile section */

/* Begin PBXFileReference section */
		8E2FDE212279EB2F00ED4D9E /* Favorite.swift */ = {isa = PBXFileReference; lastKnownFileType = sourcecode.swift; path = Favorite.swift; sourceTree = "<group>"; };
		8E2FDE232279F08D00ED4D9E /* AlertStoryboard.storyboard */ = {isa = PBXFileReference; lastKnownFileType = file.storyboard; path = AlertStoryboard.storyboard; sourceTree = "<group>"; };
		8E2FDE252279F10400ED4D9E /* AlertView.swift */ = {isa = PBXFileReference; lastKnownFileType = sourcecode.swift; path = AlertView.swift; sourceTree = "<group>"; };
		8E2FDE272279F53300ED4D9E /* AlertService.swift */ = {isa = PBXFileReference; lastKnownFileType = sourcecode.swift; path = AlertService.swift; sourceTree = "<group>"; };
		8E4ED3B1226B28DC00B717E9 /* Music Store.app */ = {isa = PBXFileReference; explicitFileType = wrapper.application; includeInIndex = 0; path = "Music Store.app"; sourceTree = BUILT_PRODUCTS_DIR; };
		8E4ED3B4226B28DC00B717E9 /* AppDelegate.swift */ = {isa = PBXFileReference; lastKnownFileType = sourcecode.swift; path = AppDelegate.swift; sourceTree = "<group>"; };
		8E4ED3B6226B28DC00B717E9 /* MainView.swift */ = {isa = PBXFileReference; lastKnownFileType = sourcecode.swift; path = MainView.swift; sourceTree = "<group>"; };
		8E4ED3B9226B28DC00B717E9 /* Base */ = {isa = PBXFileReference; lastKnownFileType = file.storyboard; name = Base; path = Base.lproj/Main.storyboard; sourceTree = "<group>"; };
		8E4ED3BC226B28DC00B717E9 /* Music_Store.xcdatamodel */ = {isa = PBXFileReference; lastKnownFileType = wrapper.xcdatamodel; path = Music_Store.xcdatamodel; sourceTree = "<group>"; };
		8E4ED3BE226B28DE00B717E9 /* Assets.xcassets */ = {isa = PBXFileReference; lastKnownFileType = folder.assetcatalog; path = Assets.xcassets; sourceTree = "<group>"; };
		8E4ED3C1226B28DE00B717E9 /* Base */ = {isa = PBXFileReference; lastKnownFileType = file.storyboard; name = Base; path = Base.lproj/LaunchScreen.storyboard; sourceTree = "<group>"; };
		8E4ED3C3226B28DE00B717E9 /* Info.plist */ = {isa = PBXFileReference; lastKnownFileType = text.plist.xml; path = Info.plist; sourceTree = "<group>"; };
		8E4ED3CA226B75F800B717E9 /* Album.swift */ = {isa = PBXFileReference; lastKnownFileType = sourcecode.swift; path = Album.swift; sourceTree = "<group>"; };
		8E4ED3CE226B795800B717E9 /* MainViewModel.swift */ = {isa = PBXFileReference; lastKnownFileType = sourcecode.swift; path = MainViewModel.swift; sourceTree = "<group>"; };
		8E4ED3D0226B799400B717E9 /* ExtensionMainView.swift */ = {isa = PBXFileReference; lastKnownFileType = sourcecode.swift; path = ExtensionMainView.swift; sourceTree = "<group>"; };
		8E4ED3D2226B888F00B717E9 /* AlbumsCollectionCell.swift */ = {isa = PBXFileReference; lastKnownFileType = sourcecode.swift; path = AlbumsCollectionCell.swift; sourceTree = "<group>"; };
		8E4ED3D4226B903200B717E9 /* MainViewModelType.swift */ = {isa = PBXFileReference; lastKnownFileType = sourcecode.swift; path = MainViewModelType.swift; sourceTree = "<group>"; };
		8E4ED3D9226B928800B717E9 /* CollectionCellViewModelType.swift */ = {isa = PBXFileReference; lastKnownFileType = sourcecode.swift; path = CollectionCellViewModelType.swift; sourceTree = "<group>"; };
		8E4ED3DB226B930E00B717E9 /* CollectionCellViewModel.swift */ = {isa = PBXFileReference; lastKnownFileType = sourcecode.swift; path = CollectionCellViewModel.swift; sourceTree = "<group>"; };
		8E81647F226C7EBD007E87FE /* DetailView.swift */ = {isa = PBXFileReference; lastKnownFileType = sourcecode.swift; path = DetailView.swift; sourceTree = "<group>"; };
		8E816481226CAA85007E87FE /* DetailViewModelType.swift */ = {isa = PBXFileReference; lastKnownFileType = sourcecode.swift; path = DetailViewModelType.swift; sourceTree = "<group>"; };
		8E816483226CAD30007E87FE /* DetailViewModel.swift */ = {isa = PBXFileReference; lastKnownFileType = sourcecode.swift; path = DetailViewModel.swift; sourceTree = "<group>"; };
/* End PBXFileReference section */

/* Begin PBXFrameworksBuildPhase section */
		8E4ED3AE226B28DC00B717E9 /* Frameworks */ = {
			isa = PBXFrameworksBuildPhase;
			buildActionMask = 2147483647;
			files = (
			);
			runOnlyForDeploymentPostprocessing = 0;
		};
/* End PBXFrameworksBuildPhase section */

/* Begin PBXGroup section */
		8E4ED3A8226B28DC00B717E9 = {
			isa = PBXGroup;
			children = (
				8E4ED3B3226B28DC00B717E9 /* Music Store */,
				8E4ED3B2226B28DC00B717E9 /* Products */,
			);
			sourceTree = "<group>";
		};
		8E4ED3B2226B28DC00B717E9 /* Products */ = {
			isa = PBXGroup;
			children = (
				8E4ED3B1226B28DC00B717E9 /* Music Store.app */,
			);
			name = Products;
			sourceTree = "<group>";
		};
		8E4ED3B3226B28DC00B717E9 /* Music Store */ = {
			isa = PBXGroup;
			children = (
				8E4ED3B4226B28DC00B717E9 /* AppDelegate.swift */,
				8E4ED3C9226B75AA00B717E9 /* Model */,
				8E4ED3CC226B775300B717E9 /* ViewModel */,
				8E4ED3CD226B776500B717E9 /* View */,
				8E4ED3D6226B90C700B717E9 /* Protocols */,
				8E4ED400226BA7D400B717E9 /* Extension */,
				8E4ED3B8226B28DC00B717E9 /* Main.storyboard */,
				8E2FDE232279F08D00ED4D9E /* AlertStoryboard.storyboard */,
				8E4ED3BE226B28DE00B717E9 /* Assets.xcassets */,
				8E4ED3C0226B28DE00B717E9 /* LaunchScreen.storyboard */,
				8E4ED3C3226B28DE00B717E9 /* Info.plist */,
				8E4ED3BB226B28DC00B717E9 /* Music_Store.xcdatamodeld */,
			);
			path = "Music Store";
			sourceTree = "<group>";
		};
		8E4ED3C9226B75AA00B717E9 /* Model */ = {
			isa = PBXGroup;
			children = (
				8E4ED3CA226B75F800B717E9 /* Album.swift */,
				8E2FDE212279EB2F00ED4D9E /* Favorite.swift */,
				8E2FDE272279F53300ED4D9E /* AlertService.swift */,
			);
			path = Model;
			sourceTree = "<group>";
		};
		8E4ED3CC226B775300B717E9 /* ViewModel */ = {
			isa = PBXGroup;
			children = (
				8E4ED3CE226B795800B717E9 /* MainViewModel.swift */,
				8E4ED3DB226B930E00B717E9 /* CollectionCellViewModel.swift */,
				8E816483226CAD30007E87FE /* DetailViewModel.swift */,
			);
			path = ViewModel;
			sourceTree = "<group>";
		};
		8E4ED3CD226B776500B717E9 /* View */ = {
			isa = PBXGroup;
			children = (
				8E4ED3D2226B888F00B717E9 /* AlbumsCollectionCell.swift */,
				8E4ED3B6226B28DC00B717E9 /* MainView.swift */,
				8E81647F226C7EBD007E87FE /* DetailView.swift */,
				8E2FDE252279F10400ED4D9E /* AlertView.swift */,
			);
			path = View;
			sourceTree = "<group>";
		};
		8E4ED3D6226B90C700B717E9 /* Protocols */ = {
			isa = PBXGroup;
			children = (
				8E4ED3D4226B903200B717E9 /* MainViewModelType.swift */,
				8E4ED3D9226B928800B717E9 /* CollectionCellViewModelType.swift */,
				8E816481226CAA85007E87FE /* DetailViewModelType.swift */,
			);
			path = Protocols;
			sourceTree = "<group>";
		};
		8E4ED400226BA7D400B717E9 /* Extension */ = {
			isa = PBXGroup;
			children = (
				8E4ED3D0226B799400B717E9 /* ExtensionMainView.swift */,
			);
			path = Extension;
			sourceTree = "<group>";
		};
/* End PBXGroup section */

/* Begin PBXNativeTarget section */
		8E4ED3B0226B28DC00B717E9 /* Music Store */ = {
			isa = PBXNativeTarget;
			buildConfigurationList = 8E4ED3C6226B28DE00B717E9 /* Build configuration list for PBXNativeTarget "Music Store" */;
			buildPhases = (
				8E4ED3AD226B28DC00B717E9 /* Sources */,
				8E4ED3AE226B28DC00B717E9 /* Frameworks */,
				8E4ED3AF226B28DC00B717E9 /* Resources */,
			);
			buildRules = (
			);
			dependencies = (
			);
			name = "Music Store";
			productName = "Music Store";
			productReference = 8E4ED3B1226B28DC00B717E9 /* Music Store.app */;
			productType = "com.apple.product-type.application";
		};
/* End PBXNativeTarget section */

/* Begin PBXProject section */
		8E4ED3A9226B28DC00B717E9 /* Project object */ = {
			isa = PBXProject;
			attributes = {
				LastSwiftUpdateCheck = 1010;
				LastUpgradeCheck = 1010;
				ORGANIZATIONNAME = " Arthur Bodrov";
				TargetAttributes = {
					8E4ED3B0226B28DC00B717E9 = {
						CreatedOnToolsVersion = 10.1;
					};
				};
			};
			buildConfigurationList = 8E4ED3AC226B28DC00B717E9 /* Build configuration list for PBXProject "Music Store" */;
			compatibilityVersion = "Xcode 9.3";
			developmentRegion = en;
			hasScannedForEncodings = 0;
			knownRegions = (
				en,
				Base,
			);
			mainGroup = 8E4ED3A8226B28DC00B717E9;
			productRefGroup = 8E4ED3B2226B28DC00B717E9 /* Products */;
			projectDirPath = "";
			projectRoot = "";
			targets = (
				8E4ED3B0226B28DC00B717E9 /* Music Store */,
			);
		};
/* End PBXProject section */

/* Begin PBXResourcesBuildPhase section */
		8E4ED3AF226B28DC00B717E9 /* Resources */ = {
			isa = PBXResourcesBuildPhase;
			buildActionMask = 2147483647;
			files = (
				8E4ED3C2226B28DE00B717E9 /* LaunchScreen.storyboard in Resources */,
				8E4ED3BF226B28DE00B717E9 /* Assets.xcassets in Resources */,
				8E4ED3BA226B28DC00B717E9 /* Main.storyboard in Resources */,
				8E2FDE242279F08D00ED4D9E /* AlertStoryboard.storyboard in Resources */,
			);
			runOnlyForDeploymentPostprocessing = 0;
		};
/* End PBXResourcesBuildPhase section */

/* Begin PBXSourcesBuildPhase section */
		8E4ED3AD226B28DC00B717E9 /* Sources */ = {
			isa = PBXSourcesBuildPhase;
			buildActionMask = 2147483647;
			files = (
				8E4ED3DA226B928800B717E9 /* CollectionCellViewModelType.swift in Sources */,
				8E2FDE222279EB2F00ED4D9E /* Favorite.swift in Sources */,
				8E816480226C7EBD007E87FE /* DetailView.swift in Sources */,
				8E4ED3CF226B795800B717E9 /* MainViewModel.swift in Sources */,
				8E4ED3DC226B930E00B717E9 /* CollectionCellViewModel.swift in Sources */,
				8E2FDE262279F10400ED4D9E /* AlertView.swift in Sources */,
				8E2FDE282279F53300ED4D9E /* AlertService.swift in Sources */,
				8E4ED3BD226B28DC00B717E9 /* Music_Store.xcdatamodeld in Sources */,
				8E4ED3B7226B28DC00B717E9 /* MainView.swift in Sources */,
				8E4ED3D1226B799400B717E9 /* ExtensionMainView.swift in Sources */,
				8E4ED3B5226B28DC00B717E9 /* AppDelegate.swift in Sources */,
				8E4ED3D5226B903200B717E9 /* MainViewModelType.swift in Sources */,
				8E816484226CAD30007E87FE /* DetailViewModel.swift in Sources */,
				8E4ED3D3226B888F00B717E9 /* AlbumsCollectionCell.swift in Sources */,
				8E816482226CAA85007E87FE /* DetailViewModelType.swift in Sources */,
				8E4ED3CB226B75F800B717E9 /* Album.swift in Sources */,
			);
			runOnlyForDeploymentPostprocessing = 0;
		};
/* End PBXSourcesBuildPhase section */

/* Begin PBXVariantGroup section */
		8E4ED3B8226B28DC00B717E9 /* Main.storyboard */ = {
			isa = PBXVariantGroup;
			children = (
				8E4ED3B9226B28DC00B717E9 /* Base */,
			);
			name = Main.storyboard;
			sourceTree = "<group>";
		};
		8E4ED3C0226B28DE00B717E9 /* LaunchScreen.storyboard */ = {
			isa = PBXVariantGroup;
			children = (
				8E4ED3C1226B28DE00B717E9 /* Base */,
			);
			name = LaunchScreen.storyboard;
			sourceTree = "<group>";
		};
/* End PBXVariantGroup section */

/* Begin XCBuildConfiguration section */
		8E4ED3C4226B28DE00B717E9 /* Debug */ = {
			isa = XCBuildConfiguration;
			buildSettings = {
				ALWAYS_SEARCH_USER_PATHS = NO;
				CLANG_ANALYZER_NONNULL = YES;
				CLANG_ANALYZER_NUMBER_OBJECT_CONVERSION = YES_AGGRESSIVE;
				CLANG_CXX_LANGUAGE_STANDARD = "gnu++14";
				CLANG_CXX_LIBRARY = "libc++";
				CLANG_ENABLE_MODULES = YES;
				CLANG_ENABLE_OBJC_ARC = YES;
				CLANG_ENABLE_OBJC_WEAK = YES;
				CLANG_WARN_BLOCK_CAPTURE_AUTORELEASING = YES;
				CLANG_WARN_BOOL_CONVERSION = YES;
				CLANG_WARN_COMMA = YES;
				CLANG_WARN_CONSTANT_CONVERSION = YES;
				CLANG_WARN_DEPRECATED_OBJC_IMPLEMENTATIONS = YES;
				CLANG_WARN_DIRECT_OBJC_ISA_USAGE = YES_ERROR;
				CLANG_WARN_DOCUMENTATION_COMMENTS = YES;
				CLANG_WARN_EMPTY_BODY = YES;
				CLANG_WARN_ENUM_CONVERSION = YES;
				CLANG_WARN_INFINITE_RECURSION = YES;
				CLANG_WARN_INT_CONVERSION = YES;
				CLANG_WARN_NON_LITERAL_NULL_CONVERSION = YES;
				CLANG_WARN_OBJC_IMPLICIT_RETAIN_SELF = YES;
				CLANG_WARN_OBJC_LITERAL_CONVERSION = YES;
				CLANG_WARN_OBJC_ROOT_CLASS = YES_ERROR;
				CLANG_WARN_RANGE_LOOP_ANALYSIS = YES;
				CLANG_WARN_STRICT_PROTOTYPES = YES;
				CLANG_WARN_SUSPICIOUS_MOVE = YES;
				CLANG_WARN_UNGUARDED_AVAILABILITY = YES_AGGRESSIVE;
				CLANG_WARN_UNREACHABLE_CODE = YES;
				CLANG_WARN__DUPLICATE_METHOD_MATCH = YES;
				CODE_SIGN_IDENTITY = "iPhone Developer";
				COPY_PHASE_STRIP = NO;
				DEBUG_INFORMATION_FORMAT = dwarf;
				ENABLE_STRICT_OBJC_MSGSEND = YES;
				ENABLE_TESTABILITY = YES;
				GCC_C_LANGUAGE_STANDARD = gnu11;
				GCC_DYNAMIC_NO_PIC = NO;
				GCC_NO_COMMON_BLOCKS = YES;
				GCC_OPTIMIZATION_LEVEL = 0;
				GCC_PREPROCESSOR_DEFINITIONS = (
					"DEBUG=1",
					"$(inherited)",
				);
				GCC_WARN_64_TO_32_BIT_CONVERSION = YES;
				GCC_WARN_ABOUT_RETURN_TYPE = YES_ERROR;
				GCC_WARN_UNDECLARED_SELECTOR = YES;
				GCC_WARN_UNINITIALIZED_AUTOS = YES_AGGRESSIVE;
				GCC_WARN_UNUSED_FUNCTION = YES;
				GCC_WARN_UNUSED_VARIABLE = YES;
				IPHONEOS_DEPLOYMENT_TARGET = 12.1;
				MTL_ENABLE_DEBUG_INFO = INCLUDE_SOURCE;
				MTL_FAST_MATH = YES;
				ONLY_ACTIVE_ARCH = YES;
				SDKROOT = iphoneos;
				SWIFT_ACTIVE_COMPILATION_CONDITIONS = DEBUG;
				SWIFT_OPTIMIZATION_LEVEL = "-Onone";
			};
			name = Debug;
		};
		8E4ED3C5226B28DE00B717E9 /* Release */ = {
			isa = XCBuildConfiguration;
			buildSettings = {
				ALWAYS_SEARCH_USER_PATHS = NO;
				CLANG_ANALYZER_NONNULL = YES;
				CLANG_ANALYZER_NUMBER_OBJECT_CONVERSION = YES_AGGRESSIVE;
				CLANG_CXX_LANGUAGE_STANDARD = "gnu++14";
				CLANG_CXX_LIBRARY = "libc++";
				CLANG_ENABLE_MODULES = YES;
				CLANG_ENABLE_OBJC_ARC = YES;
				CLANG_ENABLE_OBJC_WEAK = YES;
				CLANG_WARN_BLOCK_CAPTURE_AUTORELEASING = YES;
				CLANG_WARN_BOOL_CONVERSION = YES;
				CLANG_WARN_COMMA = YES;
				CLANG_WARN_CONSTANT_CONVERSION = YES;
				CLANG_WARN_DEPRECATED_OBJC_IMPLEMENTATIONS = YES;
				CLANG_WARN_DIRECT_OBJC_ISA_USAGE = YES_ERROR;
				CLANG_WARN_DOCUMENTATION_COMMENTS = YES;
				CLANG_WARN_EMPTY_BODY = YES;
				CLANG_WARN_ENUM_CONVERSION = YES;
				CLANG_WARN_INFINITE_RECURSION = YES;
				CLANG_WARN_INT_CONVERSION = YES;
				CLANG_WARN_NON_LITERAL_NULL_CONVERSION = YES;
				CLANG_WARN_OBJC_IMPLICIT_RETAIN_SELF = YES;
				CLANG_WARN_OBJC_LITERAL_CONVERSION = YES;
				CLANG_WARN_OBJC_ROOT_CLASS = YES_ERROR;
				CLANG_WARN_RANGE_LOOP_ANALYSIS = YES;
				CLANG_WARN_STRICT_PROTOTYPES = YES;
				CLANG_WARN_SUSPICIOUS_MOVE = YES;
				CLANG_WARN_UNGUARDED_AVAILABILITY = YES_AGGRESSIVE;
				CLANG_WARN_UNREACHABLE_CODE = YES;
				CLANG_WARN__DUPLICATE_METHOD_MATCH = YES;
				CODE_SIGN_IDENTITY = "iPhone Developer";
				COPY_PHASE_STRIP = NO;
				DEBUG_INFORMATION_FORMAT = "dwarf-with-dsym";
				ENABLE_NS_ASSERTIONS = NO;
				ENABLE_STRICT_OBJC_MSGSEND = YES;
				GCC_C_LANGUAGE_STANDARD = gnu11;
				GCC_NO_COMMON_BLOCKS = YES;
				GCC_WARN_64_TO_32_BIT_CONVERSION = YES;
				GCC_WARN_ABOUT_RETURN_TYPE = YES_ERROR;
				GCC_WARN_UNDECLARED_SELECTOR = YES;
				GCC_WARN_UNINITIALIZED_AUTOS = YES_AGGRESSIVE;
				GCC_WARN_UNUSED_FUNCTION = YES;
				GCC_WARN_UNUSED_VARIABLE = YES;
				IPHONEOS_DEPLOYMENT_TARGET = 12.1;
				MTL_ENABLE_DEBUG_INFO = NO;
				MTL_FAST_MATH = YES;
				SDKROOT = iphoneos;
				SWIFT_COMPILATION_MODE = wholemodule;
				SWIFT_OPTIMIZATION_LEVEL = "-O";
				VALIDATE_PRODUCT = YES;
			};
			name = Release;
		};
		8E4ED3C7226B28DE00B717E9 /* Debug */ = {
			isa = XCBuildConfiguration;
			buildSettings = {
				ASSETCATALOG_COMPILER_APPICON_NAME = AppIcon;
				CODE_SIGN_STYLE = Automatic;
				DEVELOPMENT_TEAM = P6HHSVPX4B;
				INFOPLIST_FILE = "Music Store/Info.plist";
				LD_RUNPATH_SEARCH_PATHS = (
					"$(inherited)",
					"@executable_path/Frameworks",
				);
				PRODUCT_BUNDLE_IDENTIFIER = "com.arthurbodrov.Music-Store";
				PRODUCT_NAME = "$(TARGET_NAME)";
				SWIFT_VERSION = 4.2;
				TARGETED_DEVICE_FAMILY = "1,2";
			};
			name = Debug;
		};
		8E4ED3C8226B28DE00B717E9 /* Release */ = {
			isa = XCBuildConfiguration;
			buildSettings = {
				ASSETCATALOG_COMPILER_APPICON_NAME = AppIcon;
				CODE_SIGN_STYLE = Automatic;
				DEVELOPMENT_TEAM = P6HHSVPX4B;
				INFOPLIST_FILE = "Music Store/Info.plist";
				LD_RUNPATH_SEARCH_PATHS = (
					"$(inherited)",
					"@executable_path/Frameworks",
				);
				PRODUCT_BUNDLE_IDENTIFIER = "com.arthurbodrov.Music-Store";
				PRODUCT_NAME = "$(TARGET_NAME)";
				SWIFT_VERSION = 4.2;
				TARGETED_DEVICE_FAMILY = "1,2";
			};
			name = Release;
		};
/* End XCBuildConfiguration section */

/* Begin XCConfigurationList section */
		8E4ED3AC226B28DC00B717E9 /* Build configuration list for PBXProject "Music Store" */ = {
			isa = XCConfigurationList;
			buildConfigurations = (
				8E4ED3C4226B28DE00B717E9 /* Debug */,
				8E4ED3C5226B28DE00B717E9 /* Release */,
			);
			defaultConfigurationIsVisible = 0;
			defaultConfigurationName = Release;
		};
		8E4ED3C6226B28DE00B717E9 /* Build configuration list for PBXNativeTarget "Music Store" */ = {
			isa = XCConfigurationList;
			buildConfigurations = (
				8E4ED3C7226B28DE00B717E9 /* Debug */,
				8E4ED3C8226B28DE00B717E9 /* Release */,
			);
			defaultConfigurationIsVisible = 0;
			defaultConfigurationName = Release;
		};
/* End XCConfigurationList section */

/* Begin XCVersionGroup section */
		8E4ED3BB226B28DC00B717E9 /* Music_Store.xcdatamodeld */ = {
			isa = XCVersionGroup;
			children = (
				8E4ED3BC226B28DC00B717E9 /* Music_Store.xcdatamodel */,
			);
			currentVersion = 8E4ED3BC226B28DC00B717E9 /* Music_Store.xcdatamodel */;
			path = Music_Store.xcdatamodeld;
			sourceTree = "<group>";
			versionGroupType = wrapper.xcdatamodel;
		};
/* End XCVersionGroup section */
	};
	rootObject = 8E4ED3A9226B28DC00B717E9 /* Project object */;
}
